
Microsoft Visual Studio Solution File, Format Version 12.00
# Visual Studio Version 17
VisualStudioVersion = 17.7.34031.279
MinimumVisualStudioVersion = 10.0.40219.1
Project("{FAE04EC0-301F-11D3-BF4B-00C04F79EFBC}") = "revise", "revise\revise.csproj", "{DED0A1EB-D20B-4E37-8D86-36C4E6D961F7}"
EndProject
Global
	GlobalSection(SolutionConfigurationPlatforms) = preSolution
		Debug|Any CPU = Debug|Any CPU
		Release|Any CPU = Release|Any CPU
	EndGlobalSection
	GlobalSection(ProjectConfigurationPlatforms) = postSolution
		{DED0A1EB-D20B-4E37-8D86-36C4E6D961F7}.Debug|Any CPU.ActiveCfg = Debug|Any CPU
		{DED0A1EB-D20B-4E37-8D86-36C4E6D961F7}.Debug|Any CPU.Build.0 = Debug|Any CPU
		{DED0A1EB-D20B-4E37-8D86-36C4E6D961F7}.Release|Any CPU.ActiveCfg = Release|Any CPU
		{DED0A1EB-D20B-4E37-8D86-36C4E6D961F7}.Release|Any CPU.Build.0 = Release|Any CPU
	EndGlobalSection
	GlobalSection(SolutionProperties) = preSolution
		HideSolutionNode = FALSE
	EndGlobalSection
	GlobalSection(ExtensibilityGlobals) = postSolution
		SolutionGuid = {EB1A00E6-2005-49BF-A215-F5D57AB2462A}
	EndGlobalSection
EndGlobal
