
Microsoft Visual Studio Solution File, Format Version 12.00
# Visual Studio Version 17
VisualStudioVersion = 17.7.34031.279
MinimumVisualStudioVersion = 10.0.40219.1
Project("{FAE04EC0-301F-11D3-BF4B-00C04F79EFBC}") = "3.1 Static files", "3.1 Static files\3.1 Static files.csproj", "{D1E04D79-E6BE-4B27-898F-CF5816291286}"
EndProject
Global
	GlobalSection(SolutionConfigurationPlatforms) = preSolution
		Debug|Any CPU = Debug|Any CPU
		Release|Any CPU = Release|Any CPU
	EndGlobalSection
	GlobalSection(ProjectConfigurationPlatforms) = postSolution
		{D1E04D79-E6BE-4B27-898F-CF5816291286}.Debug|Any CPU.ActiveCfg = Debug|Any CPU
		{D1E04D79-E6BE-4B27-898F-CF5816291286}.Debug|Any CPU.Build.0 = Debug|Any CPU
		{D1E04D79-E6BE-4B27-898F-CF5816291286}.Release|Any CPU.ActiveCfg = Release|Any CPU
		{D1E04D79-E6BE-4B27-898F-CF5816291286}.Release|Any CPU.Build.0 = Release|Any CPU
	EndGlobalSection
	GlobalSection(SolutionProperties) = preSolution
		HideSolutionNode = FALSE
	EndGlobalSection
	GlobalSection(ExtensibilityGlobals) = postSolution
		SolutionGuid = {16490870-BC76-4639-83DB-C9F8C458609D}
	EndGlobalSection
EndGlobal
