
Microsoft Visual Studio Solution File, Format Version 12.00
# Visual Studio Version 17
VisualStudioVersion = 17.7.34031.279
MinimumVisualStudioVersion = 10.0.40219.1
Project("{FAE04EC0-301F-11D3-BF4B-00C04F79EFBC}") = "5.1 Model Validations", "5.1 Model Validations\5.1 Model Validations.csproj", "{A83CC881-40B5-4F69-BDAF-2B68A84C362A}"
EndProject
Global
	GlobalSection(SolutionConfigurationPlatforms) = preSolution
		Debug|Any CPU = Debug|Any CPU
		Release|Any CPU = Release|Any CPU
	EndGlobalSection
	GlobalSection(ProjectConfigurationPlatforms) = postSolution
		{A83CC881-40B5-4F69-BDAF-2B68A84C362A}.Debug|Any CPU.ActiveCfg = Debug|Any CPU
		{A83CC881-40B5-4F69-BDAF-2B68A84C362A}.Debug|Any CPU.Build.0 = Debug|Any CPU
		{A83CC881-40B5-4F69-BDAF-2B68A84C362A}.Release|Any CPU.ActiveCfg = Release|Any CPU
		{A83CC881-40B5-4F69-BDAF-2B68A84C362A}.Release|Any CPU.Build.0 = Release|Any CPU
	EndGlobalSection
	GlobalSection(SolutionProperties) = preSolution
		HideSolutionNode = FALSE
	EndGlobalSection
	GlobalSection(ExtensibilityGlobals) = postSolution
		SolutionGuid = {8F625E7F-1C2D-469A-B25A-F7E018F9E42C}
	EndGlobalSection
EndGlobal
