
Microsoft Visual Studio Solution File, Format Version 12.00
# Visual Studio Version 17
VisualStudioVersion = 17.7.34031.279
MinimumVisualStudioVersion = 10.0.40219.1
Project("{FAE04EC0-301F-11D3-BF4B-00C04F79EFBC}") = "4. Controllers", "4. Controllers\4. Controllers.csproj", "{AC6CE386-C697-46F3-9033-B12A352CE048}"
EndProject
Global
	GlobalSection(SolutionConfigurationPlatforms) = preSolution
		Debug|Any CPU = Debug|Any CPU
		Release|Any CPU = Release|Any CPU
	EndGlobalSection
	GlobalSection(ProjectConfigurationPlatforms) = postSolution
		{AC6CE386-C697-46F3-9033-B12A352CE048}.Debug|Any CPU.ActiveCfg = Debug|Any CPU
		{AC6CE386-C697-46F3-9033-B12A352CE048}.Debug|Any CPU.Build.0 = Debug|Any CPU
		{AC6CE386-C697-46F3-9033-B12A352CE048}.Release|Any CPU.ActiveCfg = Release|Any CPU
		{AC6CE386-C697-46F3-9033-B12A352CE048}.Release|Any CPU.Build.0 = Release|Any CPU
	EndGlobalSection
	GlobalSection(SolutionProperties) = preSolution
		HideSolutionNode = FALSE
	EndGlobalSection
	GlobalSection(ExtensibilityGlobals) = postSolution
		SolutionGuid = {627B4AF5-26A8-423B-AC7B-DEF6E36D77CA}
	EndGlobalSection
EndGlobal
