
Microsoft Visual Studio Solution File, Format Version 12.00
# Visual Studio Version 17
VisualStudioVersion = 17.7.34031.279
MinimumVisualStudioVersion = 10.0.40219.1
Project("{FAE04EC0-301F-11D3-BF4B-00C04F79EFBC}") = "9. Nullable Reference Type", "9. Nullable Reference Type\9. Nullable Reference Type.csproj", "{EF0946A1-F506-4FC7-A4BF-E4C512F3D0D5}"
EndProject
Global
	GlobalSection(SolutionConfigurationPlatforms) = preSolution
		Debug|Any CPU = Debug|Any CPU
		Release|Any CPU = Release|Any CPU
	EndGlobalSection
	GlobalSection(ProjectConfigurationPlatforms) = postSolution
		{EF0946A1-F506-4FC7-A4BF-E4C512F3D0D5}.Debug|Any CPU.ActiveCfg = Debug|Any CPU
		{EF0946A1-F506-4FC7-A4BF-E4C512F3D0D5}.Debug|Any CPU.Build.0 = Debug|Any CPU
		{EF0946A1-F506-4FC7-A4BF-E4C512F3D0D5}.Release|Any CPU.ActiveCfg = Release|Any CPU
		{EF0946A1-F506-4FC7-A4BF-E4C512F3D0D5}.Release|Any CPU.Build.0 = Release|Any CPU
	EndGlobalSection
	GlobalSection(SolutionProperties) = preSolution
		HideSolutionNode = FALSE
	EndGlobalSection
	GlobalSection(ExtensibilityGlobals) = postSolution
		SolutionGuid = {E46B067E-FD0A-4B06-96D5-05F1414F0EB7}
	EndGlobalSection
EndGlobal
