
Microsoft Visual Studio Solution File, Format Version 12.00
# Visual Studio Version 17
VisualStudioVersion = 17.7.34031.279
MinimumVisualStudioVersion = 10.0.40219.1
Project("{FAE04EC0-301F-11D3-BF4B-00C04F79EFBC}") = "UseWhenMiddileware", "UseWhenMiddileware\UseWhenMiddileware.csproj", "{81CBED3B-5620-46BA-A68B-466A41C483E8}"
EndProject
Global
	GlobalSection(SolutionConfigurationPlatforms) = preSolution
		Debug|Any CPU = Debug|Any CPU
		Release|Any CPU = Release|Any CPU
	EndGlobalSection
	GlobalSection(ProjectConfigurationPlatforms) = postSolution
		{81CBED3B-5620-46BA-A68B-466A41C483E8}.Debug|Any CPU.ActiveCfg = Debug|Any CPU
		{81CBED3B-5620-46BA-A68B-466A41C483E8}.Debug|Any CPU.Build.0 = Debug|Any CPU
		{81CBED3B-5620-46BA-A68B-466A41C483E8}.Release|Any CPU.ActiveCfg = Release|Any CPU
		{81CBED3B-5620-46BA-A68B-466A41C483E8}.Release|Any CPU.Build.0 = Release|Any CPU
	EndGlobalSection
	GlobalSection(SolutionProperties) = preSolution
		HideSolutionNode = FALSE
	EndGlobalSection
	GlobalSection(ExtensibilityGlobals) = postSolution
		SolutionGuid = {86D5E213-8D80-4407-A923-023F0693BC1A}
	EndGlobalSection
EndGlobal
