
Microsoft Visual Studio Solution File, Format Version 12.00
# Visual Studio Version 17
VisualStudioVersion = 17.7.34031.279
MinimumVisualStudioVersion = 10.0.40219.1
Project("{FAE04EC0-301F-11D3-BF4B-00C04F79EFBC}") = "16.ContactsManager.UI", "16.ContactsManager.UI\16.ContactsManager.UI.csproj", "{89697FAE-7D1B-479C-9BDC-D71FE3182FF5}"
EndProject
Project("{2150E333-8FDC-42A3-9474-1A3956D46DE8}") = "src", "src", "{7B9B69E6-5930-4EC2-A51C-B85514B9C529}"
EndProject
Project("{2150E333-8FDC-42A3-9474-1A3956D46DE8}") = "tests", "tests", "{F649A135-526E-4FE6-B152-2F836AD38997}"
EndProject
Project("{FAE04EC0-301F-11D3-BF4B-00C04F79EFBC}") = "16.ContactsManger.Core", "16.ContactsManger.Core\16.ContactsManger.Core.csproj", "{B478579B-565B-494A-B723-5DFD6FE975A4}"
EndProject
Project("{FAE04EC0-301F-11D3-BF4B-00C04F79EFBC}") = "16.ContactsManager.Infrastructure", "16.ContactsManager.Infrastructure\16.ContactsManager.Infrastructure.csproj", "{F7D6EFCC-EF52-4CDF-B36C-1CD2EF522C8B}"
EndProject
Global
	GlobalSection(SolutionConfigurationPlatforms) = preSolution
		Debug|Any CPU = Debug|Any CPU
		Release|Any CPU = Release|Any CPU
	EndGlobalSection
	GlobalSection(ProjectConfigurationPlatforms) = postSolution
		{89697FAE-7D1B-479C-9BDC-D71FE3182FF5}.Debug|Any CPU.ActiveCfg = Debug|Any CPU
		{89697FAE-7D1B-479C-9BDC-D71FE3182FF5}.Debug|Any CPU.Build.0 = Debug|Any CPU
		{89697FAE-7D1B-479C-9BDC-D71FE3182FF5}.Release|Any CPU.ActiveCfg = Release|Any CPU
		{89697FAE-7D1B-479C-9BDC-D71FE3182FF5}.Release|Any CPU.Build.0 = Release|Any CPU
		{B478579B-565B-494A-B723-5DFD6FE975A4}.Debug|Any CPU.ActiveCfg = Debug|Any CPU
		{B478579B-565B-494A-B723-5DFD6FE975A4}.Debug|Any CPU.Build.0 = Debug|Any CPU
		{B478579B-565B-494A-B723-5DFD6FE975A4}.Release|Any CPU.ActiveCfg = Release|Any CPU
		{B478579B-565B-494A-B723-5DFD6FE975A4}.Release|Any CPU.Build.0 = Release|Any CPU
		{F7D6EFCC-EF52-4CDF-B36C-1CD2EF522C8B}.Debug|Any CPU.ActiveCfg = Debug|Any CPU
		{F7D6EFCC-EF52-4CDF-B36C-1CD2EF522C8B}.Debug|Any CPU.Build.0 = Debug|Any CPU
		{F7D6EFCC-EF52-4CDF-B36C-1CD2EF522C8B}.Release|Any CPU.ActiveCfg = Release|Any CPU
		{F7D6EFCC-EF52-4CDF-B36C-1CD2EF522C8B}.Release|Any CPU.Build.0 = Release|Any CPU
	EndGlobalSection
	GlobalSection(SolutionProperties) = preSolution
		HideSolutionNode = FALSE
	EndGlobalSection
	GlobalSection(NestedProjects) = preSolution
		{89697FAE-7D1B-479C-9BDC-D71FE3182FF5} = {7B9B69E6-5930-4EC2-A51C-B85514B9C529}
		{B478579B-565B-494A-B723-5DFD6FE975A4} = {7B9B69E6-5930-4EC2-A51C-B85514B9C529}
		{F7D6EFCC-EF52-4CDF-B36C-1CD2EF522C8B} = {7B9B69E6-5930-4EC2-A51C-B85514B9C529}
	EndGlobalSection
	GlobalSection(ExtensibilityGlobals) = postSolution
		SolutionGuid = {1CECF0D7-7038-4598-905F-7C0355AAA692}
	EndGlobalSection
EndGlobal
