
Microsoft Visual Studio Solution File, Format Version 12.00
# Visual Studio Version 17
VisualStudioVersion = 17.7.34031.279
MinimumVisualStudioVersion = 10.0.40219.1
Project("{FAE04EC0-301F-11D3-BF4B-00C04F79EFBC}") = "14. Tag Helpers", "14. Tag Helpers\14. Tag Helpers.csproj", "{7822DA7A-5FE6-46BC-B8A1-EBE4A990A1D5}"
EndProject
Global
	GlobalSection(SolutionConfigurationPlatforms) = preSolution
		Debug|Any CPU = Debug|Any CPU
		Release|Any CPU = Release|Any CPU
	EndGlobalSection
	GlobalSection(ProjectConfigurationPlatforms) = postSolution
		{7822DA7A-5FE6-46BC-B8A1-EBE4A990A1D5}.Debug|Any CPU.ActiveCfg = Debug|Any CPU
		{7822DA7A-5FE6-46BC-B8A1-EBE4A990A1D5}.Debug|Any CPU.Build.0 = Debug|Any CPU
		{7822DA7A-5FE6-46BC-B8A1-EBE4A990A1D5}.Release|Any CPU.ActiveCfg = Release|Any CPU
		{7822DA7A-5FE6-46BC-B8A1-EBE4A990A1D5}.Release|Any CPU.Build.0 = Release|Any CPU
	EndGlobalSection
	GlobalSection(SolutionProperties) = preSolution
		HideSolutionNode = FALSE
	EndGlobalSection
	GlobalSection(ExtensibilityGlobals) = postSolution
		SolutionGuid = {05CB5C6D-3B2D-405F-9E70-D07D0363FA24}
	EndGlobalSection
EndGlobal
